<Solution>
  <Folder Name="/Task0/">
    <Project Path="Tyuiu.GaitovaAA.Sprint1.Task0.V8.Lib/Tyuiu.GaitovaAA.Sprint1.Task0.V8.Lib.csproj" />
    <Project Path="Tyuiu.GaitovaAA.Sprint1.Task0.V8.Test/Tyuiu.GaitovaAA.Sprint1.Task0.V8.Test.csproj" />
    <Project Path="Tyuiu.GaitovaAA.Sprint1.Task0.V8/Tyuiu.GaitovaAA.Sprint1.Task0.V8.csproj" />
  </Folder>
  <Folder Name="/Task1/">
    <Project Path="Tyuiu.GaitovaAA.Sprint1.Task1.V21.Lib/Tyuiu.GaitovaAA.Sprint1.Task1.V21.Lib.csproj" Id="7a4264e2-67cb-45b2-8da7-807706584746" />
    <Project Path="Tyuiu.GaitovaAA.Sprint1.Task1.V21.Test/Tyuiu.GaitovaAA.Sprint1.Task1.V21.Test.csproj" Id="c087e3a0-8ebf-444b-8c48-2a74e29ba796" />
    <Project Path="Tyuiu.GaitovaAA.Sprint1.Task1.V21/Tyuiu.GaitovaAA.Sprint1.Task1.V21.csproj" Id="46865601-e477-4586-b912-224546340950" />
  </Folder>
  <Folder Name="/Task2/">
    <Project Path="Tyuiu.GaitovaAA.Sprint1.Task2.V3.Lib/Tyuiu.GaitovaAA.Sprint1.Task2.V3.Lib.csproj" Id="652934f6-33ab-48f0-84cc-658f73224172" />
    <Project Path="Tyuiu.GaitovaAA.Sprint1.Task2.V3.Test/Tyuiu.GaitovaAA.Sprint1.Task2.V3.Test.csproj" Id="da44d1c0-6546-4bd1-b89b-2bb1c7355e3d" />
    <Project Path="Tyuiu.GaitovaAA.Sprint1.Task2.V3/Tyuiu.GaitovaAA.Sprint1.Task2.V3.csproj" Id="563bbdce-9fbb-42c7-9261-840cc5d728ea" />
  </Folder>
  <Folder Name="/Task3/">
    <Project Path="Tyuiu.GaitovaAA.Sprint1.Task3.V4.Lib/Tyuiu.GaitovaAA.Sprint1.Task3.V4.Lib.csproj" Id="e69f0e59-ea6f-4cf9-a43a-762849cff3a8" />
    <Project Path="Tyuiu.GaitovaAA.Sprint1.Task3.V4.Test/Tyuiu.GaitovaAA.Sprint1.Task3.V4.Test.csproj" Id="7ecc66cf-50f4-4972-9431-40d55b14f3d5" />
    <Project Path="Tyuiu.GaitovaAA.Sprint1.Task3.V4/Tyuiu.GaitovaAA.Sprint1.Task3.V4.csproj" Id="68a42be3-9355-4fb6-95bf-3d6e711e8e10" />
  </Folder>
  <Folder Name="/Task4/">
    <Project Path="Tyuiu.GaitovaAA.Sprint1.Task4.V27.Lib/Tyuiu.GaitovaAA.Sprint1.Task4.V27.Lib.csproj" Id="1f78e8a7-b680-470f-8563-67644bc53146" />
    <Project Path="Tyuiu.GaitovaAA.Sprint1.Task4.V27.Test/Tyuiu.GaitovaAA.Sprint1.Task4.V27.Test.csproj" Id="d4b8b2e7-9bbc-44f6-8a69-51b6ba508bfb" />
    <Project Path="Tyuiu.GaitovaAA.Sprint1.Task4.V27/Tyuiu.GaitovaAA.Sprint1.Task4.V27.csproj" Id="745230ac-76d9-4e49-af52-2f2206be7e0e" />
  </Folder>
</Solution>
